{
  "lockfile_version": "1",
  "packages": {
    "cacert@latest": {
      "last_modified": "2023-11-10T07:38:13Z",
      "resolved": "github:NixOS/nixpkgs/e06c716ef149f466f25e62a836c30b90476e65e5#cacert",
      "source": "devbox-search",
      "version": "3.92",
      "systems": {
        "aarch64-linux": {
          "store_path": "/nix/store/nlpgz141a3q6hic6ak0jpl9rzhvkzwxs-nss-cacert-3.92"
        }
      }
    },
    "fontconfig@latest": {
      "last_modified": "2023-11-10T07:38:13Z",
      "resolved": "github:NixOS/nixpkgs/e06c716ef149f466f25e62a836c30b90476e65e5#fontconfig",
      "source": "devbox-search",
      "version": "2.14.2",
      "systems": {
        "aarch64-darwin": {
          "store_path": "/nix/store/7d7wrm0p1s3137p5w2q2q89qf05bn13k-fontconfig-2.14.2-bin"
        },
        "aarch64-linux": {
          "store_path": "/nix/store/b3mkpgn4d2zxsm0gsviiyn710mwzh2k1-fontconfig-2.14.2-bin"
        },
        "x86_64-darwin": {
          "store_path": "/nix/store/pjmkz4smsc8r2zffq3y09lpc5bh7sy9d-fontconfig-2.14.2-bin"
        },
        "x86_64-linux": {
          "store_path": "/nix/store/ir6g787nab1xb62pw6yp1qs62qjks3h0-fontconfig-2.14.2-bin"
        }
      }
    },
    "gfortran@latest": {
      "last_modified": "2023-10-25T20:49:13Z",
      "resolved": "github:NixOS/nixpkgs/75a52265bda7fd25e06e3a67dee3f0354e73243c#gfortran",
      "source": "devbox-search",
      "version": "12.3.0",
      "systems": {
        "aarch64-darwin": {
          "store_path": "/nix/store/mdv3fb8jm5apzsa5l6ywzivypm5kcjsa-gfortran-wrapper-12.3.0"
        },
        "aarch64-linux": {
          "store_path": "/nix/store/5pddfdaafk05w3j1cj38n9mzwrhwkqmv-gfortran-wrapper-12.3.0"
        },
        "x86_64-darwin": {
          "store_path": "/nix/store/4h6n911my3ji9ix3yyv4l0a61jggnjpm-gfortran-wrapper-12.3.0"
        },
        "x86_64-linux": {
          "store_path": "/nix/store/pnx6vhc2zf9i1kw3nf8pfxb6lm9v0qqb-gfortran-wrapper-12.3.0"
        }
      }
    },
    "ghostscript@latest": {
      "last_modified": "2023-10-25T20:49:13Z",
      "resolved": "github:NixOS/nixpkgs/75a52265bda7fd25e06e3a67dee3f0354e73243c#ghostscript",
      "source": "devbox-search",
      "version": "10.02.0",
      "systems": {
        "aarch64-darwin": {
          "store_path": "/nix/store/c6b5bky7092126ly790px30mqnj9gq9x-ghostscript-10.02.0"
        },
        "aarch64-linux": {
          "store_path": "/nix/store/3jad4igcpnkz01b455i2iv31sqfkpd1n-ghostscript-with-X-10.02.0"
        },
        "x86_64-darwin": {
          "store_path": "/nix/store/g6i25r19nvlbf4w0w40fy84hy6f96k7y-ghostscript-10.02.0"
        },
        "x86_64-linux": {
          "store_path": "/nix/store/n3gabhahsx79iy2xvy4khqfv6djysas0-ghostscript-with-X-10.02.0"
        }
      }
    },
    "lapack-reference@latest": {
      "last_modified": "2023-10-25T20:49:13Z",
      "resolved": "github:NixOS/nixpkgs/75a52265bda7fd25e06e3a67dee3f0354e73243c#lapack-reference",
      "source": "devbox-search",
      "version": "3.11",
      "systems": {
        "aarch64-darwin": {
          "store_path": "/nix/store/msm10n9ngx3cv8sxv60y55n5q6irh9md-liblapack-3.11"
        },
        "aarch64-linux": {
          "store_path": "/nix/store/09m6lmvbi1cj5pj4vy99c3xjc5z99hk8-liblapack-3.11"
        },
        "x86_64-darwin": {
          "store_path": "/nix/store/wqq9yg3bzzylaligj9a0yy6cz8m694sw-liblapack-3.11"
        },
        "x86_64-linux": {
          "store_path": "/nix/store/011ykpjpbfjfsyxy64ad8fl1318c2cw6-liblapack-3.11"
        }
      }
    },
    "pkg-config@latest": {
      "last_modified": "2023-10-25T20:49:13Z",
      "resolved": "github:NixOS/nixpkgs/75a52265bda7fd25e06e3a67dee3f0354e73243c#pkg-config",
      "source": "devbox-search",
      "version": "0.29.2",
      "systems": {
        "aarch64-darwin": {
          "store_path": "/nix/store/qn4rg6zdcfc6jb8d0yiwa30w7k2dscvv-pkg-config-wrapper-0.29.2"
        },
        "aarch64-linux": {
          "store_path": "/nix/store/y5drskr8iljrp47xcc2cmks8wflipf8j-pkg-config-wrapper-0.29.2"
        },
        "x86_64-darwin": {
          "store_path": "/nix/store/apryar00qyvvzika07xvkhk91vc5wqwk-pkg-config-wrapper-0.29.2"
        },
        "x86_64-linux": {
          "store_path": "/nix/store/ifr6srqgpvygd5vp14748d109ri31isv-pkg-config-wrapper-0.29.2"
        }
      }
    },
    "poetry@latest": {
      "last_modified": "2023-11-05T03:42:12Z",
      "plugin_version": "0.0.3",
      "resolved": "github:NixOS/nixpkgs/15492ddc2974ba426ea7e17116ea7aa44fc96dcd#poetry",
      "source": "devbox-search",
      "version": "1.6.1"
    },
    "python@3.10": {
      "last_modified": "2023-10-06T07:35:11Z",
      "plugin_version": "0.0.1",
      "resolved": "github:NixOS/nixpkgs/a2eb207f45e4a14a1e3019d9e3863d1e208e2295#python3",
      "source": "devbox-search",
      "version": "3.10.12",
      "systems": {
        "aarch64-darwin": {
          "store_path": "/nix/store/g5cm6iik6p4k39cj9k7a6sg2p09hl7wf-python3-3.10.12"
        },
        "aarch64-linux": {
          "store_path": "/nix/store/idpjrasbr9n8kij11s5mphrw770sf13s-python3-3.10.12"
        },
        "x86_64-darwin": {
          "store_path": "/nix/store/aa3nnkfyif67k6861vd77g4cm4rgbqh8-python3-3.10.12"
        },
        "x86_64-linux": {
          "store_path": "/nix/store/pzf6dnxg8gf04xazzjdwarm7s03cbrgz-python3-3.10.12"
        }
      }
    },
    "snakemake@latest": {
      "last_modified": "2023-10-15T14:24:03Z",
      "resolved": "github:NixOS/nixpkgs/12bdeb01ff9e2d3917e6a44037ed7df6e6c3df9d#snakemake",
      "source": "devbox-search",
      "version": "7.29.0",
      "systems": {
        "aarch64-darwin": {
          "store_path": "/nix/store/wminz6gyij0cri7d3mm0iiz6hmkry21z-snakemake-7.29.0"
        },
        "aarch64-linux": {
          "store_path": "/nix/store/ilf7qvg2yhi738y927lplxgrk0v100rw-snakemake-7.29.0"
        },
        "x86_64-darwin": {
          "store_path": "/nix/store/almv9s1vq40qgrld0jky6jhy6m2lrxjb-snakemake-7.29.0"
        },
        "x86_64-linux": {
          "store_path": "/nix/store/yyd562m90pr1csa0jgv49m10pi9iggb4-snakemake-7.29.0"
        }
      }
    }
  }
}
